
Microsoft Visual Studio Solution File, Format Version 12.00
# Visual Studio Version 16
VisualStudioVersion = 16.0.32407.337
MinimumVisualStudioVersion = 10.0.40219.1
Project("{FAE04EC0-301F-11D3-BF4B-00C04F79EFBC}") = "WindowsShutdownSoundService", "WindowsShutdownSoundService\WindowsShutdownSoundService.csproj", "{10EE9F28-8C98-434D-868B-D55A5C7892EE}"
EndProject
Global
	GlobalSection(SolutionConfigurationPlatforms) = preSolution
		Debug|Any CPU = Debug|Any CPU
		Release|Any CPU = Release|Any CPU
	EndGlobalSection
	GlobalSection(ProjectConfigurationPlatforms) = postSolution
		{10EE9F28-8C98-434D-868B-D55A5C7892EE}.Debug|Any CPU.ActiveCfg = Debug|Any CPU
		{10EE9F28-8C98-434D-868B-D55A5C7892EE}.Debug|Any CPU.Build.0 = Debug|Any CPU
		{10EE9F28-8C98-434D-868B-D55A5C7892EE}.Release|Any CPU.ActiveCfg = Release|Any CPU
		{10EE9F28-8C98-434D-868B-D55A5C7892EE}.Release|Any CPU.Build.0 = Release|Any CPU
	EndGlobalSection
	GlobalSection(SolutionProperties) = preSolution
		HideSolutionNode = FALSE
	EndGlobalSection
	GlobalSection(ExtensibilityGlobals) = postSolution
		SolutionGuid = {F8D532D9-D6CD-4FB9-A79F-38947A1871FD}
	EndGlobalSection
EndGlobal
